
Microsoft Visual Studio Solution File, Format Version 12.00
# Visual Studio 15
VisualStudioVersion = 15.0.26730.16
MinimumVisualStudioVersion = 10.0.40219.1
Project("{FAE04EC0-301F-11D3-BF4B-00C04F79EFBC}") = "PoweBITests", "PoweBITests\PoweBITests.csproj", "{9167E3A7-ECE9-4A01-B4A4-C442B25ADBF8}"
EndProject
Global
	GlobalSection(SolutionConfigurationPlatforms) = preSolution
		Debug|Any CPU = Debug|Any CPU
		Release|Any CPU = Release|Any CPU
	EndGlobalSection
	GlobalSection(ProjectConfigurationPlatforms) = postSolution
		{9167E3A7-ECE9-4A01-B4A4-C442B25ADBF8}.Debug|Any CPU.ActiveCfg = Debug|Any CPU
		{9167E3A7-ECE9-4A01-B4A4-C442B25ADBF8}.Debug|Any CPU.Build.0 = Debug|Any CPU
		{9167E3A7-ECE9-4A01-B4A4-C442B25ADBF8}.Release|Any CPU.ActiveCfg = Release|Any CPU
		{9167E3A7-ECE9-4A01-B4A4-C442B25ADBF8}.Release|Any CPU.Build.0 = Release|Any CPU
	EndGlobalSection
	GlobalSection(SolutionProperties) = preSolution
		HideSolutionNode = FALSE
	EndGlobalSection
	GlobalSection(ExtensibilityGlobals) = postSolution
		SolutionGuid = {7E10847D-8D14-4747-B683-589F50350B92}
	EndGlobalSection
EndGlobal
